// !$*UTF8*$!
{
	archiveVersion = 1;
	classes = {
	};
	objectVersion = 48;
	objects = {

/* Begin PBXBuildFile section */
		1D9DBB273A86C24A1BF9F67C /* libPods-YXWListBinder.a in Frameworks */ = {isa = PBXBuildFile; fileRef = B3D6AEB8171D97ED9102297A /* libPods-YXWListBinder.a */; };
		AF2202AD203FF24200DAAC1F /* MainViewModel.m in Sources */ = {isa = PBXBuildFile; fileRef = AF2202AC203FF24200DAAC1F /* MainViewModel.m */; };
		AF2202B6204015FB00DAAC1F /* BinderTableViewCell.xib in Resources */ = {isa = PBXBuildFile; fileRef = AF2202B4204015FB00DAAC1F /* BinderTableViewCell.xib */; };
		AF3994BD203EB66800C714AE /* AppDelegate.m in Sources */ = {isa = PBXBuildFile; fileRef = AF3994BC203EB66800C714AE /* AppDelegate.m */; };
		AF3994C0203EB66800C714AE /* ViewController.m in Sources */ = {isa = PBXBuildFile; fileRef = AF3994BF203EB66800C714AE /* ViewController.m */; };
		AF3994C3203EB66800C714AE /* Main.storyboard in Resources */ = {isa = PBXBuildFile; fileRef = AF3994C1203EB66800C714AE /* Main.storyboard */; };
		AF3994C5203EB66800C714AE /* Assets.xcassets in Resources */ = {isa = PBXBuildFile; fileRef = AF3994C4203EB66800C714AE /* Assets.xcassets */; };
		AF3994C8203EB66800C714AE /* LaunchScreen.storyboard in Resources */ = {isa = PBXBuildFile; fileRef = AF3994C6203EB66800C714AE /* LaunchScreen.storyboard */; };
		AF3994CB203EB66800C714AE /* main.m in Sources */ = {isa = PBXBuildFile; fileRef = AF3994CA203EB66800C714AE /* main.m */; };
		AF3994D3203EB83A00C714AE /* YXWListBinder.m in Sources */ = {isa = PBXBuildFile; fileRef = AF3994D2203EB83A00C714AE /* YXWListBinder.m */; };
		AFB336462041099700D6C730 /* BinderClassTableViewCell.m in Sources */ = {isa = PBXBuildFile; fileRef = AFB336452041099700D6C730 /* BinderClassTableViewCell.m */; };
		AFB336492041102C00D6C730 /* BinderCellClassViewModel.m in Sources */ = {isa = PBXBuildFile; fileRef = AFB336482041102C00D6C730 /* BinderCellClassViewModel.m */; };
		AFB3364F2041516F00D6C730 /* BinderHeaderFooterViewModel.m in Sources */ = {isa = PBXBuildFile; fileRef = AFB3364E2041516F00D6C730 /* BinderHeaderFooterViewModel.m */; };
		AFB33652204152A000D6C730 /* BinderTableViewHeader.m in Sources */ = {isa = PBXBuildFile; fileRef = AFB33651204152A000D6C730 /* BinderTableViewHeader.m */; };
		AFB33654204152B900D6C730 /* BinderTableViewHeader.xib in Resources */ = {isa = PBXBuildFile; fileRef = AFB33653204152B900D6C730 /* BinderTableViewHeader.xib */; };
		AFFC8BF1203FBD3E009A9500 /* BinderTableViewCell.m in Sources */ = {isa = PBXBuildFile; fileRef = AFFC8BEF203FBD3E009A9500 /* BinderTableViewCell.m */; };
		AFFC8BF7203FC04B009A9500 /* BinderCellViewModel.m in Sources */ = {isa = PBXBuildFile; fileRef = AFFC8BF6203FC04B009A9500 /* BinderCellViewModel.m */; };
/* End PBXBuildFile section */

/* Begin PBXFileReference section */
		2294232DBE0C94F2161E9405 /* Pods-YXWListBinder.release.xcconfig */ = {isa = PBXFileReference; includeInIndex = 1; lastKnownFileType = text.xcconfig; name = "Pods-YXWListBinder.release.xcconfig"; path = "Pods/Target Support Files/Pods-YXWListBinder/Pods-YXWListBinder.release.xcconfig"; sourceTree = "<group>"; };
		AF2202AB203FF24200DAAC1F /* MainViewModel.h */ = {isa = PBXFileReference; lastKnownFileType = sourcecode.c.h; path = MainViewModel.h; sourceTree = "<group>"; };
		AF2202AC203FF24200DAAC1F /* MainViewModel.m */ = {isa = PBXFileReference; lastKnownFileType = sourcecode.c.objc; path = MainViewModel.m; sourceTree = "<group>"; };
		AF2202B4204015FB00DAAC1F /* BinderTableViewCell.xib */ = {isa = PBXFileReference; lastKnownFileType = file.xib; path = BinderTableViewCell.xib; sourceTree = "<group>"; };
		AF3994B8203EB66800C714AE /* YXWListBinder.app */ = {isa = PBXFileReference; explicitFileType = wrapper.application; includeInIndex = 0; path = YXWListBinder.app; sourceTree = BUILT_PRODUCTS_DIR; };
		AF3994BB203EB66800C714AE /* AppDelegate.h */ = {isa = PBXFileReference; lastKnownFileType = sourcecode.c.h; path = AppDelegate.h; sourceTree = "<group>"; };
		AF3994BC203EB66800C714AE /* AppDelegate.m */ = {isa = PBXFileReference; lastKnownFileType = sourcecode.c.objc; path = AppDelegate.m; sourceTree = "<group>"; };
		AF3994BE203EB66800C714AE /* ViewController.h */ = {isa = PBXFileReference; lastKnownFileType = sourcecode.c.h; path = ViewController.h; sourceTree = "<group>"; };
		AF3994BF203EB66800C714AE /* ViewController.m */ = {isa = PBXFileReference; lastKnownFileType = sourcecode.c.objc; path = ViewController.m; sourceTree = "<group>"; };
		AF3994C2203EB66800C714AE /* Base */ = {isa = PBXFileReference; lastKnownFileType = file.storyboard; name = Base; path = Base.lproj/Main.storyboard; sourceTree = "<group>"; };
		AF3994C4203EB66800C714AE /* Assets.xcassets */ = {isa = PBXFileReference; lastKnownFileType = folder.assetcatalog; path = Assets.xcassets; sourceTree = "<group>"; };
		AF3994C7203EB66800C714AE /* Base */ = {isa = PBXFileReference; lastKnownFileType = file.storyboard; name = Base; path = Base.lproj/LaunchScreen.storyboard; sourceTree = "<group>"; };
		AF3994C9203EB66800C714AE /* Info.plist */ = {isa = PBXFileReference; lastKnownFileType = text.plist.xml; path = Info.plist; sourceTree = "<group>"; };
		AF3994CA203EB66800C714AE /* main.m */ = {isa = PBXFileReference; lastKnownFileType = sourcecode.c.objc; path = main.m; sourceTree = "<group>"; };
		AF3994D1203EB83A00C714AE /* YXWListBinder.h */ = {isa = PBXFileReference; lastKnownFileType = sourcecode.c.h; path = YXWListBinder.h; sourceTree = "<group>"; };
		AF3994D2203EB83A00C714AE /* YXWListBinder.m */ = {isa = PBXFileReference; lastKnownFileType = sourcecode.c.objc; path = YXWListBinder.m; sourceTree = "<group>"; };
		AF3994D4203EBD8500C714AE /* YXWListBinderWidgetProtocol.h */ = {isa = PBXFileReference; lastKnownFileType = sourcecode.c.h; path = YXWListBinderWidgetProtocol.h; sourceTree = "<group>"; };
		AF3994D7203EBF3500C714AE /* YXWListBinderViewModelProtocol.h */ = {isa = PBXFileReference; lastKnownFileType = sourcecode.c.h; path = YXWListBinderViewModelProtocol.h; sourceTree = "<group>"; };
		AFB336442041099700D6C730 /* BinderClassTableViewCell.h */ = {isa = PBXFileReference; lastKnownFileType = sourcecode.c.h; path = BinderClassTableViewCell.h; sourceTree = "<group>"; };
		AFB336452041099700D6C730 /* BinderClassTableViewCell.m */ = {isa = PBXFileReference; lastKnownFileType = sourcecode.c.objc; path = BinderClassTableViewCell.m; sourceTree = "<group>"; };
		AFB336472041102C00D6C730 /* BinderCellClassViewModel.h */ = {isa = PBXFileReference; lastKnownFileType = sourcecode.c.h; path = BinderCellClassViewModel.h; sourceTree = "<group>"; };
		AFB336482041102C00D6C730 /* BinderCellClassViewModel.m */ = {isa = PBXFileReference; lastKnownFileType = sourcecode.c.objc; path = BinderCellClassViewModel.m; sourceTree = "<group>"; };
		AFB3364D2041516F00D6C730 /* BinderHeaderFooterViewModel.h */ = {isa = PBXFileReference; lastKnownFileType = sourcecode.c.h; path = BinderHeaderFooterViewModel.h; sourceTree = "<group>"; };
		AFB3364E2041516F00D6C730 /* BinderHeaderFooterViewModel.m */ = {isa = PBXFileReference; lastKnownFileType = sourcecode.c.objc; path = BinderHeaderFooterViewModel.m; sourceTree = "<group>"; };
		AFB33650204152A000D6C730 /* BinderTableViewHeader.h */ = {isa = PBXFileReference; lastKnownFileType = sourcecode.c.h; path = BinderTableViewHeader.h; sourceTree = "<group>"; };
		AFB33651204152A000D6C730 /* BinderTableViewHeader.m */ = {isa = PBXFileReference; lastKnownFileType = sourcecode.c.objc; path = BinderTableViewHeader.m; sourceTree = "<group>"; };
		AFB33653204152B900D6C730 /* BinderTableViewHeader.xib */ = {isa = PBXFileReference; lastKnownFileType = file.xib; path = BinderTableViewHeader.xib; sourceTree = "<group>"; };
		AFFC8BEE203FBD3E009A9500 /* BinderTableViewCell.h */ = {isa = PBXFileReference; lastKnownFileType = sourcecode.c.h; path = BinderTableViewCell.h; sourceTree = "<group>"; };
		AFFC8BEF203FBD3E009A9500 /* BinderTableViewCell.m */ = {isa = PBXFileReference; lastKnownFileType = sourcecode.c.objc; path = BinderTableViewCell.m; sourceTree = "<group>"; };
		AFFC8BF5203FC04B009A9500 /* BinderCellViewModel.h */ = {isa = PBXFileReference; lastKnownFileType = sourcecode.c.h; path = BinderCellViewModel.h; sourceTree = "<group>"; };
		AFFC8BF6203FC04B009A9500 /* BinderCellViewModel.m */ = {isa = PBXFileReference; lastKnownFileType = sourcecode.c.objc; path = BinderCellViewModel.m; sourceTree = "<group>"; };
		B3D6AEB8171D97ED9102297A /* libPods-YXWListBinder.a */ = {isa = PBXFileReference; explicitFileType = archive.ar; includeInIndex = 0; path = "libPods-YXWListBinder.a"; sourceTree = BUILT_PRODUCTS_DIR; };
		C3AF4E64AC3DE44627362D55 /* Pods-YXWListBinder.debug.xcconfig */ = {isa = PBXFileReference; includeInIndex = 1; lastKnownFileType = text.xcconfig; name = "Pods-YXWListBinder.debug.xcconfig"; path = "Pods/Target Support Files/Pods-YXWListBinder/Pods-YXWListBinder.debug.xcconfig"; sourceTree = "<group>"; };
/* End PBXFileReference section */

/* Begin PBXFrameworksBuildPhase section */
		AF3994B5203EB66800C714AE /* Frameworks */ = {
			isa = PBXFrameworksBuildPhase;
			buildActionMask = 2147483647;
			files = (
				1D9DBB273A86C24A1BF9F67C /* libPods-YXWListBinder.a in Frameworks */,
			);
			runOnlyForDeploymentPostprocessing = 0;
		};
/* End PBXFrameworksBuildPhase section */

/* Begin PBXGroup section */
		36B852C0F22739C09D848CDB /* Pods */ = {
			isa = PBXGroup;
			children = (
				C3AF4E64AC3DE44627362D55 /* Pods-YXWListBinder.debug.xcconfig */,
				2294232DBE0C94F2161E9405 /* Pods-YXWListBinder.release.xcconfig */,
			);
			name = Pods;
			sourceTree = "<group>";
		};
		AF2202B72040176700DAAC1F /* YXWListBinder */ = {
			isa = PBXGroup;
			children = (
				AF3994D4203EBD8500C714AE /* YXWListBinderWidgetProtocol.h */,
				AF3994D7203EBF3500C714AE /* YXWListBinderViewModelProtocol.h */,
				AF3994D1203EB83A00C714AE /* YXWListBinder.h */,
				AF3994D2203EB83A00C714AE /* YXWListBinder.m */,
			);
			path = YXWListBinder;
			sourceTree = "<group>";
		};
		AF3994AF203EB66800C714AE = {
			isa = PBXGroup;
			children = (
				AF3994BA203EB66800C714AE /* YXWListBinder */,
				AF3994B9203EB66800C714AE /* Products */,
				36B852C0F22739C09D848CDB /* Pods */,
				F6A70A9770AE346BE922ED81 /* Frameworks */,
			);
			sourceTree = "<group>";
		};
		AF3994B9203EB66800C714AE /* Products */ = {
			isa = PBXGroup;
			children = (
				AF3994B8203EB66800C714AE /* YXWListBinder.app */,
			);
			name = Products;
			sourceTree = "<group>";
		};
		AF3994BA203EB66800C714AE /* YXWListBinder */ = {
			isa = PBXGroup;
			children = (
				AF2202B72040176700DAAC1F /* YXWListBinder */,
				AFFC8BF4203FC032009A9500 /* ViewModel */,
				AFFC8BED203FBC71009A9500 /* View */,
				AF3994BB203EB66800C714AE /* AppDelegate.h */,
				AF3994BC203EB66800C714AE /* AppDelegate.m */,
				AF3994BE203EB66800C714AE /* ViewController.h */,
				AF3994BF203EB66800C714AE /* ViewController.m */,
				AF3994C1203EB66800C714AE /* Main.storyboard */,
				AF3994C4203EB66800C714AE /* Assets.xcassets */,
				AF3994C6203EB66800C714AE /* LaunchScreen.storyboard */,
				AF3994C9203EB66800C714AE /* Info.plist */,
				AF3994CA203EB66800C714AE /* main.m */,
			);
			path = YXWListBinder;
			sourceTree = "<group>";
		};
		AFFC8BED203FBC71009A9500 /* View */ = {
			isa = PBXGroup;
			children = (
				AFFC8BEE203FBD3E009A9500 /* BinderTableViewCell.h */,
				AFFC8BEF203FBD3E009A9500 /* BinderTableViewCell.m */,
				AF2202B4204015FB00DAAC1F /* BinderTableViewCell.xib */,
				AFB336442041099700D6C730 /* BinderClassTableViewCell.h */,
				AFB336452041099700D6C730 /* BinderClassTableViewCell.m */,
				AFB33650204152A000D6C730 /* BinderTableViewHeader.h */,
				AFB33651204152A000D6C730 /* BinderTableViewHeader.m */,
				AFB33653204152B900D6C730 /* BinderTableViewHeader.xib */,
			);
			path = View;
			sourceTree = "<group>";
		};
		AFFC8BF4203FC032009A9500 /* ViewModel */ = {
			isa = PBXGroup;
			children = (
				AFB3364D2041516F00D6C730 /* BinderHeaderFooterViewModel.h */,
				AFB3364E2041516F00D6C730 /* BinderHeaderFooterViewModel.m */,
				AFB336472041102C00D6C730 /* BinderCellClassViewModel.h */,
				AFB336482041102C00D6C730 /* BinderCellClassViewModel.m */,
				AFFC8BF5203FC04B009A9500 /* BinderCellViewModel.h */,
				AFFC8BF6203FC04B009A9500 /* BinderCellViewModel.m */,
				AF2202AB203FF24200DAAC1F /* MainViewModel.h */,
				AF2202AC203FF24200DAAC1F /* MainViewModel.m */,
			);
			path = ViewModel;
			sourceTree = "<group>";
		};
		F6A70A9770AE346BE922ED81 /* Frameworks */ = {
			isa = PBXGroup;
			children = (
				B3D6AEB8171D97ED9102297A /* libPods-YXWListBinder.a */,
			);
			name = Frameworks;
			sourceTree = "<group>";
		};
/* End PBXGroup section */

/* Begin PBXNativeTarget section */
		AF3994B7203EB66800C714AE /* YXWListBinder */ = {
			isa = PBXNativeTarget;
			buildConfigurationList = AF3994CE203EB66800C714AE /* Build configuration list for PBXNativeTarget "YXWListBinder" */;
			buildPhases = (
				8557A03F129313DD43FB7DD3 /* [CP] Check Pods Manifest.lock */,
				AF3994B4203EB66800C714AE /* Sources */,
				AF3994B5203EB66800C714AE /* Frameworks */,
				AF3994B6203EB66800C714AE /* Resources */,
				B51A62E6685B3D17C73F4BB8 /* [CP] Embed Pods Frameworks */,
				DFBDC9C3C7C976A614B8AAA2 /* [CP] Copy Pods Resources */,
			);
			buildRules = (
			);
			dependencies = (
			);
			name = YXWListBinder;
			productName = YXWListBinder;
			productReference = AF3994B8203EB66800C714AE /* YXWListBinder.app */;
			productType = "com.apple.product-type.application";
		};
/* End PBXNativeTarget section */

/* Begin PBXProject section */
		AF3994B0203EB66800C714AE /* Project object */ = {
			isa = PBXProject;
			attributes = {
				LastUpgradeCheck = 0920;
				ORGANIZATIONNAME = xiaowinner;
				TargetAttributes = {
					AF3994B7203EB66800C714AE = {
						CreatedOnToolsVersion = 9.2;
						ProvisioningStyle = Automatic;
					};
				};
			};
			buildConfigurationList = AF3994B3203EB66800C714AE /* Build configuration list for PBXProject "YXWListBinder" */;
			compatibilityVersion = "Xcode 8.0";
			developmentRegion = en;
			hasScannedForEncodings = 0;
			knownRegions = (
				en,
				Base,
			);
			mainGroup = AF3994AF203EB66800C714AE;
			productRefGroup = AF3994B9203EB66800C714AE /* Products */;
			projectDirPath = "";
			projectRoot = "";
			targets = (
				AF3994B7203EB66800C714AE /* YXWListBinder */,
			);
		};
/* End PBXProject section */

/* Begin PBXResourcesBuildPhase section */
		AF3994B6203EB66800C714AE /* Resources */ = {
			isa = PBXResourcesBuildPhase;
			buildActionMask = 2147483647;
			files = (
				AFB33654204152B900D6C730 /* BinderTableViewHeader.xib in Resources */,
				AF3994C8203EB66800C714AE /* LaunchScreen.storyboard in Resources */,
				AF2202B6204015FB00DAAC1F /* BinderTableViewCell.xib in Resources */,
				AF3994C5203EB66800C714AE /* Assets.xcassets in Resources */,
				AF3994C3203EB66800C714AE /* Main.storyboard in Resources */,
			);
			runOnlyForDeploymentPostprocessing = 0;
		};
/* End PBXResourcesBuildPhase section */

/* Begin PBXShellScriptBuildPhase section */
		8557A03F129313DD43FB7DD3 /* [CP] Check Pods Manifest.lock */ = {
			isa = PBXShellScriptBuildPhase;
			buildActionMask = 2147483647;
			files = (
			);
			inputPaths = (
				"${PODS_PODFILE_DIR_PATH}/Podfile.lock",
				"${PODS_ROOT}/Manifest.lock",
			);
			name = "[CP] Check Pods Manifest.lock";
			outputPaths = (
				"$(DERIVED_FILE_DIR)/Pods-YXWListBinder-checkManifestLockResult.txt",
			);
			runOnlyForDeploymentPostprocessing = 0;
			shellPath = /bin/sh;
			shellScript = "diff \"${PODS_PODFILE_DIR_PATH}/Podfile.lock\" \"${PODS_ROOT}/Manifest.lock\" > /dev/null\nif [ $? != 0 ] ; then\n    # print error to STDERR\n    echo \"error: The sandbox is not in sync with the Podfile.lock. Run 'pod install' or update your CocoaPods installation.\" >&2\n    exit 1\nfi\n# This output is used by Xcode 'outputs' to avoid re-running this script phase.\necho \"SUCCESS\" > \"${SCRIPT_OUTPUT_FILE_0}\"\n";
			showEnvVarsInLog = 0;
		};
		B51A62E6685B3D17C73F4BB8 /* [CP] Embed Pods Frameworks */ = {
			isa = PBXShellScriptBuildPhase;
			buildActionMask = 2147483647;
			files = (
			);
			inputPaths = (
			);
			name = "[CP] Embed Pods Frameworks";
			outputPaths = (
			);
			runOnlyForDeploymentPostprocessing = 0;
			shellPath = /bin/sh;
			shellScript = "\"${SRCROOT}/Pods/Target Support Files/Pods-YXWListBinder/Pods-YXWListBinder-frameworks.sh\"\n";
			showEnvVarsInLog = 0;
		};
		DFBDC9C3C7C976A614B8AAA2 /* [CP] Copy Pods Resources */ = {
			isa = PBXShellScriptBuildPhase;
			buildActionMask = 2147483647;
			files = (
			);
			inputPaths = (
			);
			name = "[CP] Copy Pods Resources";
			outputPaths = (
			);
			runOnlyForDeploymentPostprocessing = 0;
			shellPath = /bin/sh;
			shellScript = "\"${SRCROOT}/Pods/Target Support Files/Pods-YXWListBinder/Pods-YXWListBinder-resources.sh\"\n";
			showEnvVarsInLog = 0;
		};
/* End PBXShellScriptBuildPhase section */

/* Begin PBXSourcesBuildPhase section */
		AF3994B4203EB66800C714AE /* Sources */ = {
			isa = PBXSourcesBuildPhase;
			buildActionMask = 2147483647;
			files = (
				AF3994C0203EB66800C714AE /* ViewController.m in Sources */,
				AF2202AD203FF24200DAAC1F /* MainViewModel.m in Sources */,
				AFB336462041099700D6C730 /* BinderClassTableViewCell.m in Sources */,
				AF3994CB203EB66800C714AE /* main.m in Sources */,
				AF3994D3203EB83A00C714AE /* YXWListBinder.m in Sources */,
				AFFC8BF7203FC04B009A9500 /* BinderCellViewModel.m in Sources */,
				AFB336492041102C00D6C730 /* BinderCellClassViewModel.m in Sources */,
				AF3994BD203EB66800C714AE /* AppDelegate.m in Sources */,
				AFB33652204152A000D6C730 /* BinderTableViewHeader.m in Sources */,
				AFB3364F2041516F00D6C730 /* BinderHeaderFooterViewModel.m in Sources */,
				AFFC8BF1203FBD3E009A9500 /* BinderTableViewCell.m in Sources */,
			);
			runOnlyForDeploymentPostprocessing = 0;
		};
/* End PBXSourcesBuildPhase section */

/* Begin PBXVariantGroup section */
		AF3994C1203EB66800C714AE /* Main.storyboard */ = {
			isa = PBXVariantGroup;
			children = (
				AF3994C2203EB66800C714AE /* Base */,
			);
			name = Main.storyboard;
			sourceTree = "<group>";
		};
		AF3994C6203EB66800C714AE /* LaunchScreen.storyboard */ = {
			isa = PBXVariantGroup;
			children = (
				AF3994C7203EB66800C714AE /* Base */,
			);
			name = LaunchScreen.storyboard;
			sourceTree = "<group>";
		};
/* End PBXVariantGroup section */

/* Begin XCBuildConfiguration section */
		AF3994CC203EB66800C714AE /* Debug */ = {
			isa = XCBuildConfiguration;
			buildSettings = {
				ALWAYS_SEARCH_USER_PATHS = NO;
				CLANG_ANALYZER_NONNULL = YES;
				CLANG_ANALYZER_NUMBER_OBJECT_CONVERSION = YES_AGGRESSIVE;
				CLANG_CXX_LANGUAGE_STANDARD = "gnu++14";
				CLANG_CXX_LIBRARY = "libc++";
				CLANG_ENABLE_MODULES = YES;
				CLANG_ENABLE_OBJC_ARC = YES;
				CLANG_WARN_BLOCK_CAPTURE_AUTORELEASING = YES;
				CLANG_WARN_BOOL_CONVERSION = YES;
				CLANG_WARN_COMMA = YES;
				CLANG_WARN_CONSTANT_CONVERSION = YES;
				CLANG_WARN_DIRECT_OBJC_ISA_USAGE = YES_ERROR;
				CLANG_WARN_DOCUMENTATION_COMMENTS = YES;
				CLANG_WARN_EMPTY_BODY = YES;
				CLANG_WARN_ENUM_CONVERSION = YES;
				CLANG_WARN_INFINITE_RECURSION = YES;
				CLANG_WARN_INT_CONVERSION = YES;
				CLANG_WARN_NON_LITERAL_NULL_CONVERSION = YES;
				CLANG_WARN_OBJC_LITERAL_CONVERSION = YES;
				CLANG_WARN_OBJC_ROOT_CLASS = YES_ERROR;
				CLANG_WARN_RANGE_LOOP_ANALYSIS = YES;
				CLANG_WARN_STRICT_PROTOTYPES = YES;
				CLANG_WARN_SUSPICIOUS_MOVE = YES;
				CLANG_WARN_UNGUARDED_AVAILABILITY = YES_AGGRESSIVE;
				CLANG_WARN_UNREACHABLE_CODE = YES;
				CLANG_WARN__DUPLICATE_METHOD_MATCH = YES;
				CODE_SIGN_IDENTITY = "iPhone Developer";
				COPY_PHASE_STRIP = NO;
				DEBUG_INFORMATION_FORMAT = dwarf;
				ENABLE_STRICT_OBJC_MSGSEND = YES;
				ENABLE_TESTABILITY = YES;
				GCC_C_LANGUAGE_STANDARD = gnu11;
				GCC_DYNAMIC_NO_PIC = NO;
				GCC_NO_COMMON_BLOCKS = YES;
				GCC_OPTIMIZATION_LEVEL = 0;
				GCC_PREPROCESSOR_DEFINITIONS = (
					"DEBUG=1",
					"$(inherited)",
				);
				GCC_WARN_64_TO_32_BIT_CONVERSION = YES;
				GCC_WARN_ABOUT_RETURN_TYPE = YES_ERROR;
				GCC_WARN_UNDECLARED_SELECTOR = YES;
				GCC_WARN_UNINITIALIZED_AUTOS = YES_AGGRESSIVE;
				GCC_WARN_UNUSED_FUNCTION = YES;
				GCC_WARN_UNUSED_VARIABLE = YES;
				IPHONEOS_DEPLOYMENT_TARGET = 9.0;
				MTL_ENABLE_DEBUG_INFO = YES;
				ONLY_ACTIVE_ARCH = YES;
				SDKROOT = iphoneos;
			};
			name = Debug;
		};
		AF3994CD203EB66800C714AE /* Release */ = {
			isa = XCBuildConfiguration;
			buildSettings = {
				ALWAYS_SEARCH_USER_PATHS = NO;
				CLANG_ANALYZER_NONNULL = YES;
				CLANG_ANALYZER_NUMBER_OBJECT_CONVERSION = YES_AGGRESSIVE;
				CLANG_CXX_LANGUAGE_STANDARD = "gnu++14";
				CLANG_CXX_LIBRARY = "libc++";
				CLANG_ENABLE_MODULES = YES;
				CLANG_ENABLE_OBJC_ARC = YES;
				CLANG_WARN_BLOCK_CAPTURE_AUTORELEASING = YES;
				CLANG_WARN_BOOL_CONVERSION = YES;
				CLANG_WARN_COMMA = YES;
				CLANG_WARN_CONSTANT_CONVERSION = YES;
				CLANG_WARN_DIRECT_OBJC_ISA_USAGE = YES_ERROR;
				CLANG_WARN_DOCUMENTATION_COMMENTS = YES;
				CLANG_WARN_EMPTY_BODY = YES;
				CLANG_WARN_ENUM_CONVERSION = YES;
				CLANG_WARN_INFINITE_RECURSION = YES;
				CLANG_WARN_INT_CONVERSION = YES;
				CLANG_WARN_NON_LITERAL_NULL_CONVERSION = YES;
				CLANG_WARN_OBJC_LITERAL_CONVERSION = YES;
				CLANG_WARN_OBJC_ROOT_CLASS = YES_ERROR;
				CLANG_WARN_RANGE_LOOP_ANALYSIS = YES;
				CLANG_WARN_STRICT_PROTOTYPES = YES;
				CLANG_WARN_SUSPICIOUS_MOVE = YES;
				CLANG_WARN_UNGUARDED_AVAILABILITY = YES_AGGRESSIVE;
				CLANG_WARN_UNREACHABLE_CODE = YES;
				CLANG_WARN__DUPLICATE_METHOD_MATCH = YES;
				CODE_SIGN_IDENTITY = "iPhone Developer";
				COPY_PHASE_STRIP = NO;
				DEBUG_INFORMATION_FORMAT = "dwarf-with-dsym";
				ENABLE_NS_ASSERTIONS = NO;
				ENABLE_STRICT_OBJC_MSGSEND = YES;
				GCC_C_LANGUAGE_STANDARD = gnu11;
				GCC_NO_COMMON_BLOCKS = YES;
				GCC_WARN_64_TO_32_BIT_CONVERSION = YES;
				GCC_WARN_ABOUT_RETURN_TYPE = YES_ERROR;
				GCC_WARN_UNDECLARED_SELECTOR = YES;
				GCC_WARN_UNINITIALIZED_AUTOS = YES_AGGRESSIVE;
				GCC_WARN_UNUSED_FUNCTION = YES;
				GCC_WARN_UNUSED_VARIABLE = YES;
				IPHONEOS_DEPLOYMENT_TARGET = 9.0;
				MTL_ENABLE_DEBUG_INFO = NO;
				SDKROOT = iphoneos;
				VALIDATE_PRODUCT = YES;
			};
			name = Release;
		};
		AF3994CF203EB66800C714AE /* Debug */ = {
			isa = XCBuildConfiguration;
			baseConfigurationReference = C3AF4E64AC3DE44627362D55 /* Pods-YXWListBinder.debug.xcconfig */;
			buildSettings = {
				ASSETCATALOG_COMPILER_APPICON_NAME = AppIcon;
				CODE_SIGN_STYLE = Automatic;
				DEVELOPMENT_TEAM = N5XKP8RSU6;
				INFOPLIST_FILE = YXWListBinder/Info.plist;
				LD_RUNPATH_SEARCH_PATHS = "$(inherited) @executable_path/Frameworks";
				PRODUCT_BUNDLE_IDENTIFIER = xiaowinner.com.YXWListBinder;
				PRODUCT_NAME = "$(TARGET_NAME)";
				TARGETED_DEVICE_FAMILY = "1,2";
			};
			name = Debug;
		};
		AF3994D0203EB66800C714AE /* Release */ = {
			isa = XCBuildConfiguration;
			baseConfigurationReference = 2294232DBE0C94F2161E9405 /* Pods-YXWListBinder.release.xcconfig */;
			buildSettings = {
				ASSETCATALOG_COMPILER_APPICON_NAME = AppIcon;
				CODE_SIGN_STYLE = Automatic;
				DEVELOPMENT_TEAM = N5XKP8RSU6;
				INFOPLIST_FILE = YXWListBinder/Info.plist;
				LD_RUNPATH_SEARCH_PATHS = "$(inherited) @executable_path/Frameworks";
				PRODUCT_BUNDLE_IDENTIFIER = xiaowinner.com.YXWListBinder;
				PRODUCT_NAME = "$(TARGET_NAME)";
				TARGETED_DEVICE_FAMILY = "1,2";
			};
			name = Release;
		};
/* End XCBuildConfiguration section */

/* Begin XCConfigurationList section */
		AF3994B3203EB66800C714AE /* Build configuration list for PBXProject "YXWListBinder" */ = {
			isa = XCConfigurationList;
			buildConfigurations = (
				AF3994CC203EB66800C714AE /* Debug */,
				AF3994CD203EB66800C714AE /* Release */,
			);
			defaultConfigurationIsVisible = 0;
			defaultConfigurationName = Release;
		};
		AF3994CE203EB66800C714AE /* Build configuration list for PBXNativeTarget "YXWListBinder" */ = {
			isa = XCConfigurationList;
			buildConfigurations = (
				AF3994CF203EB66800C714AE /* Debug */,
				AF3994D0203EB66800C714AE /* Release */,
			);
			defaultConfigurationIsVisible = 0;
			defaultConfigurationName = Release;
		};
/* End XCConfigurationList section */
	};
	rootObject = AF3994B0203EB66800C714AE /* Project object */;
}
